
Microsoft Visual Studio Solution File, Format Version 12.00
# Visual Studio Version 16
VisualStudioVersion = 16.0.31129.286
MinimumVisualStudioVersion = 10.0.40219.1
Project("{FAE04EC0-301F-11D3-BF4B-00C04F79EFBC}") = "senai_spMedicalGroup_webApiDB", "senai_spMedicalGroup_webApiDB\senai_spMedicalGroup_webApiDB.csproj", "{7D0A927A-03DE-45AE-B80C-FFE2444FA011}"
EndProject
Global
	GlobalSection(SolutionConfigurationPlatforms) = preSolution
		Debug|Any CPU = Debug|Any CPU
		Release|Any CPU = Release|Any CPU
	EndGlobalSection
	GlobalSection(ProjectConfigurationPlatforms) = postSolution
		{7D0A927A-03DE-45AE-B80C-FFE2444FA011}.Debug|Any CPU.ActiveCfg = Debug|Any CPU
		{7D0A927A-03DE-45AE-B80C-FFE2444FA011}.Debug|Any CPU.Build.0 = Debug|Any CPU
		{7D0A927A-03DE-45AE-B80C-FFE2444FA011}.Release|Any CPU.ActiveCfg = Release|Any CPU
		{7D0A927A-03DE-45AE-B80C-FFE2444FA011}.Release|Any CPU.Build.0 = Release|Any CPU
	EndGlobalSection
	GlobalSection(SolutionProperties) = preSolution
		HideSolutionNode = FALSE
	EndGlobalSection
	GlobalSection(ExtensibilityGlobals) = postSolution
		SolutionGuid = {572C6D04-55D4-46F0-8A59-4BAC2D866D52}
	EndGlobalSection
EndGlobal
